
Microsoft Visual Studio Solution File, Format Version 12.00
# Visual Studio Version 17
VisualStudioVersion = 17.5.33414.496
MinimumVisualStudioVersion = 10.0.40219.1
Project("{8BC9CEB8-8B4A-11D0-8D11-00A0C91BC942}") = "pewarisan", "pewarisan\pewarisan.vcxproj", "{F633374C-C2CA-45E0-8A28-9BEC510A3F68}"
EndProject
Project("{8BC9CEB8-8B4A-11D0-8D11-00A0C91BC942}") = "asosiasi", "asosiasi\asosiasi.vcxproj", "{97961929-B170-4A35-86B7-63BE2E3BA89F}"
EndProject
Project("{8BC9CEB8-8B4A-11D0-8D11-00A0C91BC942}") = "mainIA", "mainIA\mainIA.vcxproj", "{397F4582-3ADF-4CB0-A5C7-B682DDF14900}"
EndProject
Project("{8BC9CEB8-8B4A-11D0-8D11-00A0C91BC942}") = "mainJM", "mainJM\mainJM.vcxproj", "{5268F771-86A5-445F-A70F-12EAF6B7A1FA}"
EndProject
Project("{8BC9CEB8-8B4A-11D0-8D11-00A0C91BC942}") = "memberinlist", "memberinlist\memberinlist.vcxproj", "{24417932-E2F6-4E0F-9705-1F280C1BB875}"
EndProject
Global
	GlobalSection(SolutionConfigurationPlatforms) = preSolution
		Debug|x64 = Debug|x64
		Debug|x86 = Debug|x86
		Release|x64 = Release|x64
		Release|x86 = Release|x86
	EndGlobalSection
	GlobalSection(ProjectConfigurationPlatforms) = postSolution
		{F633374C-C2CA-45E0-8A28-9BEC510A3F68}.Debug|x64.ActiveCfg = Debug|x64
		{F633374C-C2CA-45E0-8A28-9BEC510A3F68}.Debug|x64.Build.0 = Debug|x64
		{F633374C-C2CA-45E0-8A28-9BEC510A3F68}.Debug|x86.ActiveCfg = Debug|Win32
		{F633374C-C2CA-45E0-8A28-9BEC510A3F68}.Debug|x86.Build.0 = Debug|Win32
		{F633374C-C2CA-45E0-8A28-9BEC510A3F68}.Release|x64.ActiveCfg = Release|x64
		{F633374C-C2CA-45E0-8A28-9BEC510A3F68}.Release|x64.Build.0 = Release|x64
		{F633374C-C2CA-45E0-8A28-9BEC510A3F68}.Release|x86.ActiveCfg = Release|Win32
		{F633374C-C2CA-45E0-8A28-9BEC510A3F68}.Release|x86.Build.0 = Release|Win32
		{97961929-B170-4A35-86B7-63BE2E3BA89F}.Debug|x64.ActiveCfg = Debug|x64
		{97961929-B170-4A35-86B7-63BE2E3BA89F}.Debug|x64.Build.0 = Debug|x64
		{97961929-B170-4A35-86B7-63BE2E3BA89F}.Debug|x86.ActiveCfg = Debug|Win32
		{97961929-B170-4A35-86B7-63BE2E3BA89F}.Debug|x86.Build.0 = Debug|Win32
		{97961929-B170-4A35-86B7-63BE2E3BA89F}.Release|x64.ActiveCfg = Release|x64
		{97961929-B170-4A35-86B7-63BE2E3BA89F}.Release|x64.Build.0 = Release|x64
		{97961929-B170-4A35-86B7-63BE2E3BA89F}.Release|x86.ActiveCfg = Release|Win32
		{97961929-B170-4A35-86B7-63BE2E3BA89F}.Release|x86.Build.0 = Release|Win32
		{397F4582-3ADF-4CB0-A5C7-B682DDF14900}.Debug|x64.ActiveCfg = Debug|x64
		{397F4582-3ADF-4CB0-A5C7-B682DDF14900}.Debug|x64.Build.0 = Debug|x64
		{397F4582-3ADF-4CB0-A5C7-B682DDF14900}.Debug|x86.ActiveCfg = Debug|Win32
		{397F4582-3ADF-4CB0-A5C7-B682DDF14900}.Debug|x86.Build.0 = Debug|Win32
		{397F4582-3ADF-4CB0-A5C7-B682DDF14900}.Release|x64.ActiveCfg = Release|x64
		{397F4582-3ADF-4CB0-A5C7-B682DDF14900}.Release|x64.Build.0 = Release|x64
		{397F4582-3ADF-4CB0-A5C7-B682DDF14900}.Release|x86.ActiveCfg = Release|Win32
		{397F4582-3ADF-4CB0-A5C7-B682DDF14900}.Release|x86.Build.0 = Release|Win32
		{5268F771-86A5-445F-A70F-12EAF6B7A1FA}.Debug|x64.ActiveCfg = Debug|x64
		{5268F771-86A5-445F-A70F-12EAF6B7A1FA}.Debug|x64.Build.0 = Debug|x64
		{5268F771-86A5-445F-A70F-12EAF6B7A1FA}.Debug|x86.ActiveCfg = Debug|Win32
		{5268F771-86A5-445F-A70F-12EAF6B7A1FA}.Debug|x86.Build.0 = Debug|Win32
		{5268F771-86A5-445F-A70F-12EAF6B7A1FA}.Release|x64.ActiveCfg = Release|x64
		{5268F771-86A5-445F-A70F-12EAF6B7A1FA}.Release|x64.Build.0 = Release|x64
		{5268F771-86A5-445F-A70F-12EAF6B7A1FA}.Release|x86.ActiveCfg = Release|Win32
		{5268F771-86A5-445F-A70F-12EAF6B7A1FA}.Release|x86.Build.0 = Release|Win32
		{24417932-E2F6-4E0F-9705-1F280C1BB875}.Debug|x64.ActiveCfg = Debug|x64
		{24417932-E2F6-4E0F-9705-1F280C1BB875}.Debug|x64.Build.0 = Debug|x64
		{24417932-E2F6-4E0F-9705-1F280C1BB875}.Debug|x86.ActiveCfg = Debug|Win32
		{24417932-E2F6-4E0F-9705-1F280C1BB875}.Debug|x86.Build.0 = Debug|Win32
		{24417932-E2F6-4E0F-9705-1F280C1BB875}.Release|x64.ActiveCfg = Release|x64
		{24417932-E2F6-4E0F-9705-1F280C1BB875}.Release|x64.Build.0 = Release|x64
		{24417932-E2F6-4E0F-9705-1F280C1BB875}.Release|x86.ActiveCfg = Release|Win32
		{24417932-E2F6-4E0F-9705-1F280C1BB875}.Release|x86.Build.0 = Release|Win32
	EndGlobalSection
	GlobalSection(SolutionProperties) = preSolution
		HideSolutionNode = FALSE
	EndGlobalSection
	GlobalSection(ExtensibilityGlobals) = postSolution
		SolutionGuid = {71658CCF-6805-4F59-BF02-59AEFF1781C5}
	EndGlobalSection
EndGlobal
